{
    "_readme": [
        "This file locks the dependencies of your project to a known state",
        "Read more about it at https://getcomposer.org/doc/01-basic-usage.md#composer-lock-the-lock-file",
        "This file is @generated automatically"
    ],
    "hash": "e8aebd1e0234dbb9f88cae670f774259",
    "content-hash": "1d02c4edff9bf2cfc807479e63f0c720",
    "packages": [
        {
            "name": "snscripts/html-helper",
            "version": "1.0.2",
            "source": {
                "type": "git",
                "url": "https://github.com/mikebarlow/html-helper.git",
                "reference": "89bca698003253faabeb2b316c6d6f05f8d9636b"
            },
            "dist": {
                "type": "zip",
                "url": "https://api.github.com/repos/mikebarlow/html-helper/zipball/89bca698003253faabeb2b316c6d6f05f8d9636b",
                "reference": "89bca698003253faabeb2b316c6d6f05f8d9636b",
                "shasum": ""
            },
            "require": {
                "php": ">=5.4.0"
            },
            "require-dev": {
                "phpunit/phpunit": "~4.0",
                "squizlabs/php_codesniffer": "~2.0"
            },
            "type": "library",
            "autoload": {
                "psr-4": {
                    "Snscripts\\HtmlHelper\\": "src"
                }
            },
            "notification-url": "https://packagist.org/downloads/",
            "license": [
                "MIT"
            ],
            "authors": [
                {
                    "name": "Mike Barlow",
                    "email": "mike@mikebarlow.co.uk",
                    "role": "Developer"
                }
            ],
            "description": "Framework agnostic HTML Helper",
            "homepage": "https://github.com/snscripts/html-helper",
            "keywords": [
                "Forms",
                "framework agnostic",
                "helper",
                "html"
            ],
            "time": "2015-11-10 21:48:04"
        }
    ],
    "packages-dev": [],
    "aliases": [],
    "minimum-stability": "stable",
    "stability-flags": [],
    "prefer-stable": false,
    "prefer-lowest": false,
    "platform": [],
    "platform-dev": []
}
